
Microsoft Visual Studio Solution File, Format Version 12.00
# Visual Studio 14
VisualStudioVersion = 14.0.25420.1
MinimumVisualStudioVersion = 10.0.40219.1
Project("{FAE04EC0-301F-11D3-BF4B-00C04F79EFBC}") = "MyChy.Frame.Common", "MyChy.Frame.Common\MyChy.Frame.Common.csproj", "{A77DB8A2-D20D-4B4A-ACE1-FE20F375D3CD}"
EndProject
Project("{FAE04EC0-301F-11D3-BF4B-00C04F79EFBC}") = "MyChy.Frame.Common.Redis", "MyChy.Frame.Common.Redis\MyChy.Frame.Common.Redis.csproj", "{997F9127-4FAB-43CF-AA63-9C8EC1E6F929}"
EndProject
Project("{FAE04EC0-301F-11D3-BF4B-00C04F79EFBC}") = "MyChy.Frame", "MyChy.Frame\MyChy.Frame.csproj", "{D266DC2C-7973-4D8D-97C6-C95DD9C0CDBC}"
EndProject
Project("{FAE04EC0-301F-11D3-BF4B-00C04F79EFBC}") = "MyChy.Frame.Test", "MyChy.Frame.Test\MyChy.Frame.Test.csproj", "{831FEFCB-45DA-46AB-A193-4008621CDC6D}"
EndProject
Project("{FAE04EC0-301F-11D3-BF4B-00C04F79EFBC}") = "MyChy.Frame.Common.Data", "MyChy.Frame.Common.Data\MyChy.Frame.Common.Data.csproj", "{D062A5BD-1A21-4444-8028-436588252D78}"
EndProject
Project("{FAE04EC0-301F-11D3-BF4B-00C04F79EFBC}") = "MyChy.Frame.Common.EfData", "MyChy.Frame.Common.EfData\MyChy.Frame.Common.EfData.csproj", "{E9F19F35-3776-4CB1-AC5C-6882F1ACC0AF}"
EndProject
Global
	GlobalSection(SolutionConfigurationPlatforms) = preSolution
		Debug|Any CPU = Debug|Any CPU
		Release|Any CPU = Release|Any CPU
	EndGlobalSection
	GlobalSection(ProjectConfigurationPlatforms) = postSolution
		{A77DB8A2-D20D-4B4A-ACE1-FE20F375D3CD}.Debug|Any CPU.ActiveCfg = Debug|Any CPU
		{A77DB8A2-D20D-4B4A-ACE1-FE20F375D3CD}.Debug|Any CPU.Build.0 = Debug|Any CPU
		{A77DB8A2-D20D-4B4A-ACE1-FE20F375D3CD}.Release|Any CPU.ActiveCfg = Release|Any CPU
		{A77DB8A2-D20D-4B4A-ACE1-FE20F375D3CD}.Release|Any CPU.Build.0 = Release|Any CPU
		{997F9127-4FAB-43CF-AA63-9C8EC1E6F929}.Debug|Any CPU.ActiveCfg = Debug|Any CPU
		{997F9127-4FAB-43CF-AA63-9C8EC1E6F929}.Debug|Any CPU.Build.0 = Debug|Any CPU
		{997F9127-4FAB-43CF-AA63-9C8EC1E6F929}.Release|Any CPU.ActiveCfg = Release|Any CPU
		{997F9127-4FAB-43CF-AA63-9C8EC1E6F929}.Release|Any CPU.Build.0 = Release|Any CPU
		{D266DC2C-7973-4D8D-97C6-C95DD9C0CDBC}.Debug|Any CPU.ActiveCfg = Debug|Any CPU
		{D266DC2C-7973-4D8D-97C6-C95DD9C0CDBC}.Debug|Any CPU.Build.0 = Debug|Any CPU
		{D266DC2C-7973-4D8D-97C6-C95DD9C0CDBC}.Release|Any CPU.ActiveCfg = Release|Any CPU
		{D266DC2C-7973-4D8D-97C6-C95DD9C0CDBC}.Release|Any CPU.Build.0 = Release|Any CPU
		{831FEFCB-45DA-46AB-A193-4008621CDC6D}.Debug|Any CPU.ActiveCfg = Debug|Any CPU
		{831FEFCB-45DA-46AB-A193-4008621CDC6D}.Debug|Any CPU.Build.0 = Debug|Any CPU
		{831FEFCB-45DA-46AB-A193-4008621CDC6D}.Release|Any CPU.ActiveCfg = Release|Any CPU
		{831FEFCB-45DA-46AB-A193-4008621CDC6D}.Release|Any CPU.Build.0 = Release|Any CPU
		{D062A5BD-1A21-4444-8028-436588252D78}.Debug|Any CPU.ActiveCfg = Debug|Any CPU
		{D062A5BD-1A21-4444-8028-436588252D78}.Debug|Any CPU.Build.0 = Debug|Any CPU
		{D062A5BD-1A21-4444-8028-436588252D78}.Release|Any CPU.ActiveCfg = Release|Any CPU
		{D062A5BD-1A21-4444-8028-436588252D78}.Release|Any CPU.Build.0 = Release|Any CPU
		{E9F19F35-3776-4CB1-AC5C-6882F1ACC0AF}.Debug|Any CPU.ActiveCfg = Debug|Any CPU
		{E9F19F35-3776-4CB1-AC5C-6882F1ACC0AF}.Debug|Any CPU.Build.0 = Debug|Any CPU
		{E9F19F35-3776-4CB1-AC5C-6882F1ACC0AF}.Release|Any CPU.ActiveCfg = Release|Any CPU
		{E9F19F35-3776-4CB1-AC5C-6882F1ACC0AF}.Release|Any CPU.Build.0 = Release|Any CPU
	EndGlobalSection
	GlobalSection(SolutionProperties) = preSolution
		HideSolutionNode = FALSE
	EndGlobalSection
	GlobalSection(ExtensibilityGlobals) = postSolution
		EnterpriseLibraryConfigurationToolBinariesPath = packages\EnterpriseLibrary.Data.5.0.505.0\lib\NET35;packages\Unity.2.1.505.0\lib\NET35;packages\Unity.Interception.2.1.505.0\lib\NET35;packages\EnterpriseLibrary.Common.5.0.505.0\lib\NET35
		EnterpriseLibraryConfigurationToolBinariesPathV6 = packages\EnterpriseLibrary.Common.6.0.1304.0\lib\NET45;packages\EnterpriseLibrary.Data.6.0.1304.0\lib\NET45
	EndGlobalSection
EndGlobal
